
Microsoft Visual Studio Solution File, Format Version 12.00
# Visual Studio Version 16
VisualStudioVersion = 16.0.30804.86
MinimumVisualStudioVersion = 10.0.40219.1
Project("{FAE04EC0-301F-11D3-BF4B-00C04F79EFBC}") = "ImageResizer", "ImageResizer.csproj", "{1EE206C1-E285-461E-810B-203D20DC5163}"
EndProject
Global
	GlobalSection(SolutionConfigurationPlatforms) = preSolution
		Debug|Any CPU = Debug|Any CPU
		Release|Any CPU = Release|Any CPU
	EndGlobalSection
	GlobalSection(ProjectConfigurationPlatforms) = postSolution
		{1EE206C1-E285-461E-810B-203D20DC5163}.Debug|Any CPU.ActiveCfg = Debug|Any CPU
		{1EE206C1-E285-461E-810B-203D20DC5163}.Debug|Any CPU.Build.0 = Debug|Any CPU
		{1EE206C1-E285-461E-810B-203D20DC5163}.Release|Any CPU.ActiveCfg = Release|Any CPU
		{1EE206C1-E285-461E-810B-203D20DC5163}.Release|Any CPU.Build.0 = Release|Any CPU
	EndGlobalSection
	GlobalSection(SolutionProperties) = preSolution
		HideSolutionNode = FALSE
	EndGlobalSection
	GlobalSection(ExtensibilityGlobals) = postSolution
		SolutionGuid = {1C218B95-F342-4511-87D5-13B625E75922}
	EndGlobalSection
EndGlobal
